
Microsoft Visual Studio Solution File, Format Version 12.00
# Visual Studio Version 17
VisualStudioVersion = 17.9.34902.65
MinimumVisualStudioVersion = 10.0.40219.1
Project("{FAE04EC0-301F-11D3-BF4B-00C04F79EFBC}") = "FacebookClone.Server", "FacebookClone.Server\FacebookClone.Server.csproj", "{B7D03EDE-76E4-4D73-8835-82094AC75D2E}"
EndProject
Project("{54A90642-561A-4BB1-A94E-469ADEE60C69}") = "facebookclone.client", "facebookclone.client\facebookclone.client.esproj", "{D00366ED-F5DF-4B5E-9B9A-A5A3FF28A57F}"
EndProject
Global
	GlobalSection(SolutionConfigurationPlatforms) = preSolution
		Debug|Any CPU = Debug|Any CPU
		Release|Any CPU = Release|Any CPU
	EndGlobalSection
	GlobalSection(ProjectConfigurationPlatforms) = postSolution
		{B7D03EDE-76E4-4D73-8835-82094AC75D2E}.Debug|Any CPU.ActiveCfg = Debug|Any CPU
		{B7D03EDE-76E4-4D73-8835-82094AC75D2E}.Debug|Any CPU.Build.0 = Debug|Any CPU
		{B7D03EDE-76E4-4D73-8835-82094AC75D2E}.Release|Any CPU.ActiveCfg = Release|Any CPU
		{B7D03EDE-76E4-4D73-8835-82094AC75D2E}.Release|Any CPU.Build.0 = Release|Any CPU
		{D00366ED-F5DF-4B5E-9B9A-A5A3FF28A57F}.Debug|Any CPU.ActiveCfg = Debug|Any CPU
		{D00366ED-F5DF-4B5E-9B9A-A5A3FF28A57F}.Debug|Any CPU.Build.0 = Debug|Any CPU
		{D00366ED-F5DF-4B5E-9B9A-A5A3FF28A57F}.Debug|Any CPU.Deploy.0 = Debug|Any CPU
		{D00366ED-F5DF-4B5E-9B9A-A5A3FF28A57F}.Release|Any CPU.ActiveCfg = Release|Any CPU
		{D00366ED-F5DF-4B5E-9B9A-A5A3FF28A57F}.Release|Any CPU.Build.0 = Release|Any CPU
		{D00366ED-F5DF-4B5E-9B9A-A5A3FF28A57F}.Release|Any CPU.Deploy.0 = Release|Any CPU
	EndGlobalSection
	GlobalSection(SolutionProperties) = preSolution
		HideSolutionNode = FALSE
	EndGlobalSection
	GlobalSection(ExtensibilityGlobals) = postSolution
		SolutionGuid = {58E9F89A-73A7-414E-8191-8DE1FBF7ABF6}
	EndGlobalSection
EndGlobal
